// !$*UTF8*$!
{
	archiveVersion = 1;
	classes = {
	};
	objectVersion = 56;
	objects = {

/* Begin PBXBuildFile section */
		DA429CF92B8B4F2D00F9FA36 /* NetworkManager.swift in Sources */ = {isa = PBXBuildFile; fileRef = DA429CF82B8B4F2D00F9FA36 /* NetworkManager.swift */; };
		DA429CFC2B8B663F00F9FA36 /* GFError.swift in Sources */ = {isa = PBXBuildFile; fileRef = DA429CFB2B8B663F00F9FA36 /* GFError.swift */; };
		DA429CFF2B8BBA6000F9FA36 /* FollowerCell.swift in Sources */ = {isa = PBXBuildFile; fileRef = DA429CFE2B8BBA6000F9FA36 /* FollowerCell.swift */; };
		DA429D012B8BBBCD00F9FA36 /* GFAvatarImageView.swift in Sources */ = {isa = PBXBuildFile; fileRef = DA429D002B8BBBCD00F9FA36 /* GFAvatarImageView.swift */; };
		DA4C05BC2B75308B009D204E /* AppDelegate.swift in Sources */ = {isa = PBXBuildFile; fileRef = DA4C05BB2B75308B009D204E /* AppDelegate.swift */; };
		DA4C05BE2B75308B009D204E /* SceneDelegate.swift in Sources */ = {isa = PBXBuildFile; fileRef = DA4C05BD2B75308B009D204E /* SceneDelegate.swift */; };
		DA4C05C52B75308D009D204E /* Assets.xcassets in Resources */ = {isa = PBXBuildFile; fileRef = DA4C05C42B75308D009D204E /* Assets.xcassets */; };
		DA4C05C82B75308D009D204E /* LaunchScreen.storyboard in Resources */ = {isa = PBXBuildFile; fileRef = DA4C05C62B75308D009D204E /* LaunchScreen.storyboard */; };
		DA4C05D02B75517F009D204E /* SearchVC.swift in Sources */ = {isa = PBXBuildFile; fileRef = DA4C05CF2B75517F009D204E /* SearchVC.swift */; };
		DA4C05D22B755198009D204E /* FavoritesListVC.swift in Sources */ = {isa = PBXBuildFile; fileRef = DA4C05D12B755198009D204E /* FavoritesListVC.swift */; };
		DA6D98E22B8F396700090AD1 /* UIHelper.swift in Sources */ = {isa = PBXBuildFile; fileRef = DA6D98E12B8F396700090AD1 /* UIHelper.swift */; };
		DAA1D23B2BAB5BD200EACCCE /* GFItemInfoView.swift in Sources */ = {isa = PBXBuildFile; fileRef = DAA1D23A2BAB5BD200EACCCE /* GFItemInfoView.swift */; };
		DAAFC0F22BC2968900752A27 /* PersistenceManager.swift in Sources */ = {isa = PBXBuildFile; fileRef = DAAFC0F12BC2968900752A27 /* PersistenceManager.swift */; };
		DAAFC0F42BC2B3F800752A27 /* FavoriteCell.swift in Sources */ = {isa = PBXBuildFile; fileRef = DAAFC0F32BC2B3F800752A27 /* FavoriteCell.swift */; };
		DAAFC0F72BC2FBD700752A27 /* GFTabBarController.swift in Sources */ = {isa = PBXBuildFile; fileRef = DAAFC0F62BC2FBD700752A27 /* GFTabBarController.swift */; };
		DAAFC0FB2BC30C9B00752A27 /* GFAlertContainerView.swift in Sources */ = {isa = PBXBuildFile; fileRef = DAAFC0FA2BC30C9B00752A27 /* GFAlertContainerView.swift */; };
		DAAFC0FD2BC3268D00752A27 /* GFDataLoadingVC.swift in Sources */ = {isa = PBXBuildFile; fileRef = DAAFC0FC2BC3268D00752A27 /* GFDataLoadingVC.swift */; };
		DAB4FEC52BB988C300E1B1D9 /* GFItemInfoVC.swift in Sources */ = {isa = PBXBuildFile; fileRef = DAB4FEC42BB988C300E1B1D9 /* GFItemInfoVC.swift */; };
		DAB4FEC72BB9968800E1B1D9 /* GFRepoItemVC.swift in Sources */ = {isa = PBXBuildFile; fileRef = DAB4FEC62BB9968800E1B1D9 /* GFRepoItemVC.swift */; };
		DAB4FEC92BB999D500E1B1D9 /* GFFollowerItemVC.swift in Sources */ = {isa = PBXBuildFile; fileRef = DAB4FEC82BB999D500E1B1D9 /* GFFollowerItemVC.swift */; };
		DAB4FECC2BB99FA800E1B1D9 /* Date+Ext.swift in Sources */ = {isa = PBXBuildFile; fileRef = DAB4FECB2BB99FA800E1B1D9 /* Date+Ext.swift */; };
		DAB4FECE2BB99FB300E1B1D9 /* String+Ext.swift in Sources */ = {isa = PBXBuildFile; fileRef = DAB4FECD2BB99FB300E1B1D9 /* String+Ext.swift */; };
		DAB5259C2B93398B0012D739 /* GFEmptyStateView.swift in Sources */ = {isa = PBXBuildFile; fileRef = DAB5259B2B93398B0012D739 /* GFEmptyStateView.swift */; };
		DAB7E52F2B9C93A30065B941 /* UserInfoVC.swift in Sources */ = {isa = PBXBuildFile; fileRef = DAB7E52E2B9C93A30065B941 /* UserInfoVC.swift */; };
		DABCA06C2B84DA3500614291 /* FollowerListVC.swift in Sources */ = {isa = PBXBuildFile; fileRef = DABCA06B2B84DA3500614291 /* FollowerListVC.swift */; };
		DABCA06E2B85058200614291 /* GFTitleLabel.swift in Sources */ = {isa = PBXBuildFile; fileRef = DABCA06D2B85058200614291 /* GFTitleLabel.swift */; };
		DABCA0702B8507C600614291 /* GFBodyLabel.swift in Sources */ = {isa = PBXBuildFile; fileRef = DABCA06F2B8507C600614291 /* GFBodyLabel.swift */; };
		DABCA0722B8508E200614291 /* GFAlertVC.swift in Sources */ = {isa = PBXBuildFile; fileRef = DABCA0712B8508E200614291 /* GFAlertVC.swift */; };
		DABCA0762B85161200614291 /* UIViewController+Ext.swift in Sources */ = {isa = PBXBuildFile; fileRef = DABCA0752B85161200614291 /* UIViewController+Ext.swift */; };
		DABCA07D2B874D3C00614291 /* Follower.swift in Sources */ = {isa = PBXBuildFile; fileRef = DABCA07C2B874D3C00614291 /* Follower.swift */; };
		DABCA07F2B874ECD00614291 /* User.swift in Sources */ = {isa = PBXBuildFile; fileRef = DABCA07E2B874ECD00614291 /* User.swift */; };
		DABF5A192BA7485600CFBD0F /* GFUserInfoHeaderVC.swift in Sources */ = {isa = PBXBuildFile; fileRef = DABF5A182BA7485600CFBD0F /* GFUserInfoHeaderVC.swift */; };
		DABF5A1B2BA7489900CFBD0F /* GFSecondaryTitleLabel.swift in Sources */ = {isa = PBXBuildFile; fileRef = DABF5A1A2BA7489900CFBD0F /* GFSecondaryTitleLabel.swift */; };
		DABF5A1D2BA78BE700CFBD0F /* Constants.swift in Sources */ = {isa = PBXBuildFile; fileRef = DABF5A1C2BA78BE700CFBD0F /* Constants.swift */; };
		DAC255F32B763E6B00BEB30C /* GFButton.swift in Sources */ = {isa = PBXBuildFile; fileRef = DAC255F22B763E6B00BEB30C /* GFButton.swift */; };
		DAC255F52B76470600BEB30C /* GFTextField.swift in Sources */ = {isa = PBXBuildFile; fileRef = DAC255F42B76470600BEB30C /* GFTextField.swift */; };
		DAC35B3C2BC701990062BF4B /* UIView+Ext.swift in Sources */ = {isa = PBXBuildFile; fileRef = DAC35B3B2BC701990062BF4B /* UIView+Ext.swift */; };
		DAC4D1BC2BC81B850044B8A3 /* UITableView+Ext.swift in Sources */ = {isa = PBXBuildFile; fileRef = DAC4D1BB2BC81B850044B8A3 /* UITableView+Ext.swift */; };
/* End PBXBuildFile section */

/* Begin PBXFileReference section */
		DA429CF82B8B4F2D00F9FA36 /* NetworkManager.swift */ = {isa = PBXFileReference; lastKnownFileType = sourcecode.swift; path = NetworkManager.swift; sourceTree = "<group>"; };
		DA429CFB2B8B663F00F9FA36 /* GFError.swift */ = {isa = PBXFileReference; lastKnownFileType = sourcecode.swift; path = GFError.swift; sourceTree = "<group>"; };
		DA429CFE2B8BBA6000F9FA36 /* FollowerCell.swift */ = {isa = PBXFileReference; lastKnownFileType = sourcecode.swift; path = FollowerCell.swift; sourceTree = "<group>"; };
		DA429D002B8BBBCD00F9FA36 /* GFAvatarImageView.swift */ = {isa = PBXFileReference; lastKnownFileType = sourcecode.swift; path = GFAvatarImageView.swift; sourceTree = "<group>"; };
		DA4C05B82B75308B009D204E /* GHFollowers.app */ = {isa = PBXFileReference; explicitFileType = wrapper.application; includeInIndex = 0; path = GHFollowers.app; sourceTree = BUILT_PRODUCTS_DIR; };
		DA4C05BB2B75308B009D204E /* AppDelegate.swift */ = {isa = PBXFileReference; lastKnownFileType = sourcecode.swift; path = AppDelegate.swift; sourceTree = "<group>"; };
		DA4C05BD2B75308B009D204E /* SceneDelegate.swift */ = {isa = PBXFileReference; lastKnownFileType = sourcecode.swift; path = SceneDelegate.swift; sourceTree = "<group>"; };
		DA4C05C42B75308D009D204E /* Assets.xcassets */ = {isa = PBXFileReference; lastKnownFileType = folder.assetcatalog; path = Assets.xcassets; sourceTree = "<group>"; };
		DA4C05C72B75308D009D204E /* Base */ = {isa = PBXFileReference; lastKnownFileType = file.storyboard; name = Base; path = Base.lproj/LaunchScreen.storyboard; sourceTree = "<group>"; };
		DA4C05C92B75308D009D204E /* Info.plist */ = {isa = PBXFileReference; lastKnownFileType = text.plist.xml; path = Info.plist; sourceTree = "<group>"; };
		DA4C05CF2B75517F009D204E /* SearchVC.swift */ = {isa = PBXFileReference; lastKnownFileType = sourcecode.swift; path = SearchVC.swift; sourceTree = "<group>"; };
		DA4C05D12B755198009D204E /* FavoritesListVC.swift */ = {isa = PBXFileReference; lastKnownFileType = sourcecode.swift; path = FavoritesListVC.swift; sourceTree = "<group>"; };
		DA6D98E12B8F396700090AD1 /* UIHelper.swift */ = {isa = PBXFileReference; lastKnownFileType = sourcecode.swift; path = UIHelper.swift; sourceTree = "<group>"; };
		DAA1D23A2BAB5BD200EACCCE /* GFItemInfoView.swift */ = {isa = PBXFileReference; lastKnownFileType = sourcecode.swift; path = GFItemInfoView.swift; sourceTree = "<group>"; };
		DAAFC0F12BC2968900752A27 /* PersistenceManager.swift */ = {isa = PBXFileReference; lastKnownFileType = sourcecode.swift; path = PersistenceManager.swift; sourceTree = "<group>"; };
		DAAFC0F32BC2B3F800752A27 /* FavoriteCell.swift */ = {isa = PBXFileReference; lastKnownFileType = sourcecode.swift; path = FavoriteCell.swift; sourceTree = "<group>"; };
		DAAFC0F62BC2FBD700752A27 /* GFTabBarController.swift */ = {isa = PBXFileReference; lastKnownFileType = sourcecode.swift; path = GFTabBarController.swift; sourceTree = "<group>"; };
		DAAFC0FA2BC30C9B00752A27 /* GFAlertContainerView.swift */ = {isa = PBXFileReference; lastKnownFileType = sourcecode.swift; path = GFAlertContainerView.swift; sourceTree = "<group>"; };
		DAAFC0FC2BC3268D00752A27 /* GFDataLoadingVC.swift */ = {isa = PBXFileReference; lastKnownFileType = sourcecode.swift; path = GFDataLoadingVC.swift; sourceTree = "<group>"; };
		DAB4FEC42BB988C300E1B1D9 /* GFItemInfoVC.swift */ = {isa = PBXFileReference; lastKnownFileType = sourcecode.swift; path = GFItemInfoVC.swift; sourceTree = "<group>"; };
		DAB4FEC62BB9968800E1B1D9 /* GFRepoItemVC.swift */ = {isa = PBXFileReference; lastKnownFileType = sourcecode.swift; path = GFRepoItemVC.swift; sourceTree = "<group>"; };
		DAB4FEC82BB999D500E1B1D9 /* GFFollowerItemVC.swift */ = {isa = PBXFileReference; lastKnownFileType = sourcecode.swift; path = GFFollowerItemVC.swift; sourceTree = "<group>"; };
		DAB4FECB2BB99FA800E1B1D9 /* Date+Ext.swift */ = {isa = PBXFileReference; lastKnownFileType = sourcecode.swift; path = "Date+Ext.swift"; sourceTree = "<group>"; };
		DAB4FECD2BB99FB300E1B1D9 /* String+Ext.swift */ = {isa = PBXFileReference; lastKnownFileType = sourcecode.swift; path = "String+Ext.swift"; sourceTree = "<group>"; };
		DAB5259B2B93398B0012D739 /* GFEmptyStateView.swift */ = {isa = PBXFileReference; lastKnownFileType = sourcecode.swift; path = GFEmptyStateView.swift; sourceTree = "<group>"; };
		DAB7E52E2B9C93A30065B941 /* UserInfoVC.swift */ = {isa = PBXFileReference; lastKnownFileType = sourcecode.swift; path = UserInfoVC.swift; sourceTree = "<group>"; };
		DABCA06B2B84DA3500614291 /* FollowerListVC.swift */ = {isa = PBXFileReference; lastKnownFileType = sourcecode.swift; path = FollowerListVC.swift; sourceTree = "<group>"; };
		DABCA06D2B85058200614291 /* GFTitleLabel.swift */ = {isa = PBXFileReference; lastKnownFileType = sourcecode.swift; path = GFTitleLabel.swift; sourceTree = "<group>"; };
		DABCA06F2B8507C600614291 /* GFBodyLabel.swift */ = {isa = PBXFileReference; lastKnownFileType = sourcecode.swift; path = GFBodyLabel.swift; sourceTree = "<group>"; };
		DABCA0712B8508E200614291 /* GFAlertVC.swift */ = {isa = PBXFileReference; lastKnownFileType = sourcecode.swift; path = GFAlertVC.swift; sourceTree = "<group>"; };
		DABCA0752B85161200614291 /* UIViewController+Ext.swift */ = {isa = PBXFileReference; lastKnownFileType = sourcecode.swift; path = "UIViewController+Ext.swift"; sourceTree = "<group>"; };
		DABCA07C2B874D3C00614291 /* Follower.swift */ = {isa = PBXFileReference; lastKnownFileType = sourcecode.swift; path = Follower.swift; sourceTree = "<group>"; };
		DABCA07E2B874ECD00614291 /* User.swift */ = {isa = PBXFileReference; lastKnownFileType = sourcecode.swift; path = User.swift; sourceTree = "<group>"; };
		DABF5A182BA7485600CFBD0F /* GFUserInfoHeaderVC.swift */ = {isa = PBXFileReference; lastKnownFileType = sourcecode.swift; path = GFUserInfoHeaderVC.swift; sourceTree = "<group>"; };
		DABF5A1A2BA7489900CFBD0F /* GFSecondaryTitleLabel.swift */ = {isa = PBXFileReference; lastKnownFileType = sourcecode.swift; path = GFSecondaryTitleLabel.swift; sourceTree = "<group>"; };
		DABF5A1C2BA78BE700CFBD0F /* Constants.swift */ = {isa = PBXFileReference; lastKnownFileType = sourcecode.swift; path = Constants.swift; sourceTree = "<group>"; };
		DAC255F22B763E6B00BEB30C /* GFButton.swift */ = {isa = PBXFileReference; lastKnownFileType = sourcecode.swift; path = GFButton.swift; sourceTree = "<group>"; };
		DAC255F42B76470600BEB30C /* GFTextField.swift */ = {isa = PBXFileReference; lastKnownFileType = sourcecode.swift; path = GFTextField.swift; sourceTree = "<group>"; };
		DAC35B3B2BC701990062BF4B /* UIView+Ext.swift */ = {isa = PBXFileReference; lastKnownFileType = sourcecode.swift; path = "UIView+Ext.swift"; sourceTree = "<group>"; };
		DAC4D1BB2BC81B850044B8A3 /* UITableView+Ext.swift */ = {isa = PBXFileReference; lastKnownFileType = sourcecode.swift; path = "UITableView+Ext.swift"; sourceTree = "<group>"; };
/* End PBXFileReference section */

/* Begin PBXFrameworksBuildPhase section */
		DA4C05B52B75308B009D204E /* Frameworks */ = {
			isa = PBXFrameworksBuildPhase;
			buildActionMask = 2147483647;
			files = (
			);
			runOnlyForDeploymentPostprocessing = 0;
		};
/* End PBXFrameworksBuildPhase section */

/* Begin PBXGroup section */
		DA429CF72B8B4F1C00F9FA36 /* Managers */ = {
			isa = PBXGroup;
			children = (
				DA429CF82B8B4F2D00F9FA36 /* NetworkManager.swift */,
				DAAFC0F12BC2968900752A27 /* PersistenceManager.swift */,
			);
			path = Managers;
			sourceTree = "<group>";
		};
		DA429CFA2B8B662D00F9FA36 /* Utilities */ = {
			isa = PBXGroup;
			children = (
				DA429CFB2B8B663F00F9FA36 /* GFError.swift */,
				DA6D98E12B8F396700090AD1 /* UIHelper.swift */,
				DABF5A1C2BA78BE700CFBD0F /* Constants.swift */,
			);
			path = Utilities;
			sourceTree = "<group>";
		};
		DA429CFD2B8BBA3200F9FA36 /* Cells */ = {
			isa = PBXGroup;
			children = (
				DA429CFE2B8BBA6000F9FA36 /* FollowerCell.swift */,
				DAAFC0F32BC2B3F800752A27 /* FavoriteCell.swift */,
			);
			path = Cells;
			sourceTree = "<group>";
		};
		DA4C05AF2B75308B009D204E = {
			isa = PBXGroup;
			children = (
				DA4C05BA2B75308B009D204E /* GHFollowers */,
				DA4C05B92B75308B009D204E /* Products */,
			);
			sourceTree = "<group>";
		};
		DA4C05B92B75308B009D204E /* Products */ = {
			isa = PBXGroup;
			children = (
				DA4C05B82B75308B009D204E /* GHFollowers.app */,
			);
			name = Products;
			sourceTree = "<group>";
		};
		DA4C05BA2B75308B009D204E /* GHFollowers */ = {
			isa = PBXGroup;
			children = (
				DA429CFA2B8B662D00F9FA36 /* Utilities */,
				DA429CF72B8B4F1C00F9FA36 /* Managers */,
				DABCA07B2B874D2600614291 /* Model */,
				DABCA07A2B851B5300614291 /* Support */,
				DABCA0792B851B4400614291 /* Extensions */,
				DABCA0782B851AAC00614291 /* Custom Views */,
				DABCA0772B851A9200614291 /* Screens */,
				DA4C05C92B75308D009D204E /* Info.plist */,
			);
			path = GHFollowers;
			sourceTree = "<group>";
		};
		DAAFC0F52BC2FB9900752A27 /* TabBarControllers */ = {
			isa = PBXGroup;
			children = (
				DAAFC0F62BC2FBD700752A27 /* GFTabBarController.swift */,
			);
			path = TabBarControllers;
			sourceTree = "<group>";
		};
		DAB4FECA2BB99A1500E1B1D9 /* ItemInfoVCs */ = {
			isa = PBXGroup;
			children = (
				DAB4FEC42BB988C300E1B1D9 /* GFItemInfoVC.swift */,
				DAB4FEC62BB9968800E1B1D9 /* GFRepoItemVC.swift */,
				DAB4FEC82BB999D500E1B1D9 /* GFFollowerItemVC.swift */,
			);
			path = ItemInfoVCs;
			sourceTree = "<group>";
		};
		DAB525942B9335A10012D739 /* Views */ = {
			isa = PBXGroup;
			children = (
				DAB5259B2B93398B0012D739 /* GFEmptyStateView.swift */,
				DAA1D23A2BAB5BD200EACCCE /* GFItemInfoView.swift */,
				DAAFC0FA2BC30C9B00752A27 /* GFAlertContainerView.swift */,
			);
			path = Views;
			sourceTree = "<group>";
		};
		DAB525952B9335BC0012D739 /* Buttons */ = {
			isa = PBXGroup;
			children = (
				DAC255F22B763E6B00BEB30C /* GFButton.swift */,
			);
			path = Buttons;
			sourceTree = "<group>";
		};
		DAB525962B9335C70012D739 /* TextFields */ = {
			isa = PBXGroup;
			children = (
				DAC255F42B76470600BEB30C /* GFTextField.swift */,
			);
			path = TextFields;
			sourceTree = "<group>";
		};
		DAB525972B9335D60012D739 /* ImageViews */ = {
			isa = PBXGroup;
			children = (
				DA429D002B8BBBCD00F9FA36 /* GFAvatarImageView.swift */,
			);
			path = ImageViews;
			sourceTree = "<group>";
		};
		DAB525992B9335EE0012D739 /* ViewControllers */ = {
			isa = PBXGroup;
			children = (
				DAB4FECA2BB99A1500E1B1D9 /* ItemInfoVCs */,
				DABCA0712B8508E200614291 /* GFAlertVC.swift */,
				DABF5A182BA7485600CFBD0F /* GFUserInfoHeaderVC.swift */,
				DAAFC0FC2BC3268D00752A27 /* GFDataLoadingVC.swift */,
			);
			path = ViewControllers;
			sourceTree = "<group>";
		};
		DAB5259A2B9335FA0012D739 /* Labels */ = {
			isa = PBXGroup;
			children = (
				DABCA06F2B8507C600614291 /* GFBodyLabel.swift */,
				DABCA06D2B85058200614291 /* GFTitleLabel.swift */,
				DABF5A1A2BA7489900CFBD0F /* GFSecondaryTitleLabel.swift */,
			);
			path = Labels;
			sourceTree = "<group>";
		};
		DABCA0772B851A9200614291 /* Screens */ = {
			isa = PBXGroup;
			children = (
				DA4C05CF2B75517F009D204E /* SearchVC.swift */,
				DA4C05D12B755198009D204E /* FavoritesListVC.swift */,
				DABCA06B2B84DA3500614291 /* FollowerListVC.swift */,
				DAB7E52E2B9C93A30065B941 /* UserInfoVC.swift */,
			);
			path = Screens;
			sourceTree = "<group>";
		};
		DABCA0782B851AAC00614291 /* Custom Views */ = {
			isa = PBXGroup;
			children = (
				DAAFC0F52BC2FB9900752A27 /* TabBarControllers */,
				DAB5259A2B9335FA0012D739 /* Labels */,
				DAB525992B9335EE0012D739 /* ViewControllers */,
				DAB525972B9335D60012D739 /* ImageViews */,
				DAB525962B9335C70012D739 /* TextFields */,
				DAB525952B9335BC0012D739 /* Buttons */,
				DAB525942B9335A10012D739 /* Views */,
				DA429CFD2B8BBA3200F9FA36 /* Cells */,
			);
			path = "Custom Views";
			sourceTree = "<group>";
		};
		DABCA0792B851B4400614291 /* Extensions */ = {
			isa = PBXGroup;
			children = (
				DABCA0752B85161200614291 /* UIViewController+Ext.swift */,
				DAB4FECB2BB99FA800E1B1D9 /* Date+Ext.swift */,
				DAB4FECD2BB99FB300E1B1D9 /* String+Ext.swift */,
				DAC35B3B2BC701990062BF4B /* UIView+Ext.swift */,
				DAC4D1BB2BC81B850044B8A3 /* UITableView+Ext.swift */,
			);
			path = Extensions;
			sourceTree = "<group>";
		};
		DABCA07A2B851B5300614291 /* Support */ = {
			isa = PBXGroup;
			children = (
				DA4C05BB2B75308B009D204E /* AppDelegate.swift */,
				DA4C05BD2B75308B009D204E /* SceneDelegate.swift */,
				DA4C05C42B75308D009D204E /* Assets.xcassets */,
				DA4C05C62B75308D009D204E /* LaunchScreen.storyboard */,
			);
			path = Support;
			sourceTree = "<group>";
		};
		DABCA07B2B874D2600614291 /* Model */ = {
			isa = PBXGroup;
			children = (
				DABCA07C2B874D3C00614291 /* Follower.swift */,
				DABCA07E2B874ECD00614291 /* User.swift */,
			);
			path = Model;
			sourceTree = "<group>";
		};
/* End PBXGroup section */

/* Begin PBXNativeTarget section */
		DA4C05B72B75308B009D204E /* GHFollowers */ = {
			isa = PBXNativeTarget;
			buildConfigurationList = DA4C05CC2B75308D009D204E /* Build configuration list for PBXNativeTarget "GHFollowers" */;
			buildPhases = (
				DA4C05B42B75308B009D204E /* Sources */,
				DA4C05B52B75308B009D204E /* Frameworks */,
				DA4C05B62B75308B009D204E /* Resources */,
			);
			buildRules = (
			);
			dependencies = (
			);
			name = GHFollowers;
			productName = GHFollowers;
			productReference = DA4C05B82B75308B009D204E /* GHFollowers.app */;
			productType = "com.apple.product-type.application";
		};
/* End PBXNativeTarget section */

/* Begin PBXProject section */
		DA4C05B02B75308B009D204E /* Project object */ = {
			isa = PBXProject;
			attributes = {
				BuildIndependentTargetsInParallel = 1;
				LastSwiftUpdateCheck = 1520;
				LastUpgradeCheck = 1520;
				TargetAttributes = {
					DA4C05B72B75308B009D204E = {
						CreatedOnToolsVersion = 15.2;
					};
				};
			};
			buildConfigurationList = DA4C05B32B75308B009D204E /* Build configuration list for PBXProject "GHFollowers" */;
			compatibilityVersion = "Xcode 14.0";
			developmentRegion = en;
			hasScannedForEncodings = 0;
			knownRegions = (
				en,
				Base,
			);
			mainGroup = DA4C05AF2B75308B009D204E;
			productRefGroup = DA4C05B92B75308B009D204E /* Products */;
			projectDirPath = "";
			projectRoot = "";
			targets = (
				DA4C05B72B75308B009D204E /* GHFollowers */,
			);
		};
/* End PBXProject section */

/* Begin PBXResourcesBuildPhase section */
		DA4C05B62B75308B009D204E /* Resources */ = {
			isa = PBXResourcesBuildPhase;
			buildActionMask = 2147483647;
			files = (
				DA4C05C82B75308D009D204E /* LaunchScreen.storyboard in Resources */,
				DA4C05C52B75308D009D204E /* Assets.xcassets in Resources */,
			);
			runOnlyForDeploymentPostprocessing = 0;
		};
/* End PBXResourcesBuildPhase section */

/* Begin PBXSourcesBuildPhase section */
		DA4C05B42B75308B009D204E /* Sources */ = {
			isa = PBXSourcesBuildPhase;
			buildActionMask = 2147483647;
			files = (
				DABCA07F2B874ECD00614291 /* User.swift in Sources */,
				DAC255F52B76470600BEB30C /* GFTextField.swift in Sources */,
				DA4C05D22B755198009D204E /* FavoritesListVC.swift in Sources */,
				DAB4FECE2BB99FB300E1B1D9 /* String+Ext.swift in Sources */,
				DAC255F32B763E6B00BEB30C /* GFButton.swift in Sources */,
				DABCA07D2B874D3C00614291 /* Follower.swift in Sources */,
				DAAFC0FD2BC3268D00752A27 /* GFDataLoadingVC.swift in Sources */,
				DA6D98E22B8F396700090AD1 /* UIHelper.swift in Sources */,
				DAB4FEC52BB988C300E1B1D9 /* GFItemInfoVC.swift in Sources */,
				DABF5A1D2BA78BE700CFBD0F /* Constants.swift in Sources */,
				DA429D012B8BBBCD00F9FA36 /* GFAvatarImageView.swift in Sources */,
				DABCA0762B85161200614291 /* UIViewController+Ext.swift in Sources */,
				DA4C05D02B75517F009D204E /* SearchVC.swift in Sources */,
				DAB4FEC92BB999D500E1B1D9 /* GFFollowerItemVC.swift in Sources */,
				DAA1D23B2BAB5BD200EACCCE /* GFItemInfoView.swift in Sources */,
				DAAFC0F42BC2B3F800752A27 /* FavoriteCell.swift in Sources */,
				DA429CFF2B8BBA6000F9FA36 /* FollowerCell.swift in Sources */,
				DAAFC0F72BC2FBD700752A27 /* GFTabBarController.swift in Sources */,
				DA429CFC2B8B663F00F9FA36 /* GFError.swift in Sources */,
				DABF5A192BA7485600CFBD0F /* GFUserInfoHeaderVC.swift in Sources */,
				DABCA0722B8508E200614291 /* GFAlertVC.swift in Sources */,
				DAC4D1BC2BC81B850044B8A3 /* UITableView+Ext.swift in Sources */,
				DABCA0702B8507C600614291 /* GFBodyLabel.swift in Sources */,
				DAAFC0FB2BC30C9B00752A27 /* GFAlertContainerView.swift in Sources */,
				DABCA06E2B85058200614291 /* GFTitleLabel.swift in Sources */,
				DAB4FECC2BB99FA800E1B1D9 /* Date+Ext.swift in Sources */,
				DAAFC0F22BC2968900752A27 /* PersistenceManager.swift in Sources */,
				DABF5A1B2BA7489900CFBD0F /* GFSecondaryTitleLabel.swift in Sources */,
				DAB5259C2B93398B0012D739 /* GFEmptyStateView.swift in Sources */,
				DA429CF92B8B4F2D00F9FA36 /* NetworkManager.swift in Sources */,
				DABCA06C2B84DA3500614291 /* FollowerListVC.swift in Sources */,
				DA4C05BC2B75308B009D204E /* AppDelegate.swift in Sources */,
				DA4C05BE2B75308B009D204E /* SceneDelegate.swift in Sources */,
				DAC35B3C2BC701990062BF4B /* UIView+Ext.swift in Sources */,
				DAB4FEC72BB9968800E1B1D9 /* GFRepoItemVC.swift in Sources */,
				DAB7E52F2B9C93A30065B941 /* UserInfoVC.swift in Sources */,
			);
			runOnlyForDeploymentPostprocessing = 0;
		};
/* End PBXSourcesBuildPhase section */

/* Begin PBXVariantGroup section */
		DA4C05C62B75308D009D204E /* LaunchScreen.storyboard */ = {
			isa = PBXVariantGroup;
			children = (
				DA4C05C72B75308D009D204E /* Base */,
			);
			name = LaunchScreen.storyboard;
			sourceTree = "<group>";
		};
/* End PBXVariantGroup section */

/* Begin XCBuildConfiguration section */
		DA4C05CA2B75308D009D204E /* Debug */ = {
			isa = XCBuildConfiguration;
			buildSettings = {
				ALWAYS_SEARCH_USER_PATHS = NO;
				ASSETCATALOG_COMPILER_GENERATE_SWIFT_ASSET_SYMBOL_EXTENSIONS = YES;
				CLANG_ANALYZER_NONNULL = YES;
				CLANG_ANALYZER_NUMBER_OBJECT_CONVERSION = YES_AGGRESSIVE;
				CLANG_CXX_LANGUAGE_STANDARD = "gnu++20";
				CLANG_ENABLE_MODULES = YES;
				CLANG_ENABLE_OBJC_ARC = YES;
				CLANG_ENABLE_OBJC_WEAK = YES;
				CLANG_WARN_BLOCK_CAPTURE_AUTORELEASING = YES;
				CLANG_WARN_BOOL_CONVERSION = YES;
				CLANG_WARN_COMMA = YES;
				CLANG_WARN_CONSTANT_CONVERSION = YES;
				CLANG_WARN_DEPRECATED_OBJC_IMPLEMENTATIONS = YES;
				CLANG_WARN_DIRECT_OBJC_ISA_USAGE = YES_ERROR;
				CLANG_WARN_DOCUMENTATION_COMMENTS = YES;
				CLANG_WARN_EMPTY_BODY = YES;
				CLANG_WARN_ENUM_CONVERSION = YES;
				CLANG_WARN_INFINITE_RECURSION = YES;
				CLANG_WARN_INT_CONVERSION = YES;
				CLANG_WARN_NON_LITERAL_NULL_CONVERSION = YES;
				CLANG_WARN_OBJC_IMPLICIT_RETAIN_SELF = YES;
				CLANG_WARN_OBJC_LITERAL_CONVERSION = YES;
				CLANG_WARN_OBJC_ROOT_CLASS = YES_ERROR;
				CLANG_WARN_QUOTED_INCLUDE_IN_FRAMEWORK_HEADER = YES;
				CLANG_WARN_RANGE_LOOP_ANALYSIS = YES;
				CLANG_WARN_STRICT_PROTOTYPES = YES;
				CLANG_WARN_SUSPICIOUS_MOVE = YES;
				CLANG_WARN_UNGUARDED_AVAILABILITY = YES_AGGRESSIVE;
				CLANG_WARN_UNREACHABLE_CODE = YES;
				CLANG_WARN__DUPLICATE_METHOD_MATCH = YES;
				COPY_PHASE_STRIP = NO;
				DEBUG_INFORMATION_FORMAT = dwarf;
				ENABLE_STRICT_OBJC_MSGSEND = YES;
				ENABLE_TESTABILITY = YES;
				ENABLE_USER_SCRIPT_SANDBOXING = YES;
				GCC_C_LANGUAGE_STANDARD = gnu17;
				GCC_DYNAMIC_NO_PIC = NO;
				GCC_NO_COMMON_BLOCKS = YES;
				GCC_OPTIMIZATION_LEVEL = 0;
				GCC_PREPROCESSOR_DEFINITIONS = (
					"DEBUG=1",
					"$(inherited)",
				);
				GCC_WARN_64_TO_32_BIT_CONVERSION = YES;
				GCC_WARN_ABOUT_RETURN_TYPE = YES_ERROR;
				GCC_WARN_UNDECLARED_SELECTOR = YES;
				GCC_WARN_UNINITIALIZED_AUTOS = YES_AGGRESSIVE;
				GCC_WARN_UNUSED_FUNCTION = YES;
				GCC_WARN_UNUSED_VARIABLE = YES;
				IPHONEOS_DEPLOYMENT_TARGET = 17.2;
				LOCALIZATION_PREFERS_STRING_CATALOGS = YES;
				MTL_ENABLE_DEBUG_INFO = INCLUDE_SOURCE;
				MTL_FAST_MATH = YES;
				ONLY_ACTIVE_ARCH = YES;
				SDKROOT = iphoneos;
				SWIFT_ACTIVE_COMPILATION_CONDITIONS = "DEBUG $(inherited)";
				SWIFT_OPTIMIZATION_LEVEL = "-Onone";
			};
			name = Debug;
		};
		DA4C05CB2B75308D009D204E /* Release */ = {
			isa = XCBuildConfiguration;
			buildSettings = {
				ALWAYS_SEARCH_USER_PATHS = NO;
				ASSETCATALOG_COMPILER_GENERATE_SWIFT_ASSET_SYMBOL_EXTENSIONS = YES;
				CLANG_ANALYZER_NONNULL = YES;
				CLANG_ANALYZER_NUMBER_OBJECT_CONVERSION = YES_AGGRESSIVE;
				CLANG_CXX_LANGUAGE_STANDARD = "gnu++20";
				CLANG_ENABLE_MODULES = YES;
				CLANG_ENABLE_OBJC_ARC = YES;
				CLANG_ENABLE_OBJC_WEAK = YES;
				CLANG_WARN_BLOCK_CAPTURE_AUTORELEASING = YES;
				CLANG_WARN_BOOL_CONVERSION = YES;
				CLANG_WARN_COMMA = YES;
				CLANG_WARN_CONSTANT_CONVERSION = YES;
				CLANG_WARN_DEPRECATED_OBJC_IMPLEMENTATIONS = YES;
				CLANG_WARN_DIRECT_OBJC_ISA_USAGE = YES_ERROR;
				CLANG_WARN_DOCUMENTATION_COMMENTS = YES;
				CLANG_WARN_EMPTY_BODY = YES;
				CLANG_WARN_ENUM_CONVERSION = YES;
				CLANG_WARN_INFINITE_RECURSION = YES;
				CLANG_WARN_INT_CONVERSION = YES;
				CLANG_WARN_NON_LITERAL_NULL_CONVERSION = YES;
				CLANG_WARN_OBJC_IMPLICIT_RETAIN_SELF = YES;
				CLANG_WARN_OBJC_LITERAL_CONVERSION = YES;
				CLANG_WARN_OBJC_ROOT_CLASS = YES_ERROR;
				CLANG_WARN_QUOTED_INCLUDE_IN_FRAMEWORK_HEADER = YES;
				CLANG_WARN_RANGE_LOOP_ANALYSIS = YES;
				CLANG_WARN_STRICT_PROTOTYPES = YES;
				CLANG_WARN_SUSPICIOUS_MOVE = YES;
				CLANG_WARN_UNGUARDED_AVAILABILITY = YES_AGGRESSIVE;
				CLANG_WARN_UNREACHABLE_CODE = YES;
				CLANG_WARN__DUPLICATE_METHOD_MATCH = YES;
				COPY_PHASE_STRIP = NO;
				DEBUG_INFORMATION_FORMAT = "dwarf-with-dsym";
				ENABLE_NS_ASSERTIONS = NO;
				ENABLE_STRICT_OBJC_MSGSEND = YES;
				ENABLE_USER_SCRIPT_SANDBOXING = YES;
				GCC_C_LANGUAGE_STANDARD = gnu17;
				GCC_NO_COMMON_BLOCKS = YES;
				GCC_WARN_64_TO_32_BIT_CONVERSION = YES;
				GCC_WARN_ABOUT_RETURN_TYPE = YES_ERROR;
				GCC_WARN_UNDECLARED_SELECTOR = YES;
				GCC_WARN_UNINITIALIZED_AUTOS = YES_AGGRESSIVE;
				GCC_WARN_UNUSED_FUNCTION = YES;
				GCC_WARN_UNUSED_VARIABLE = YES;
				IPHONEOS_DEPLOYMENT_TARGET = 17.2;
				LOCALIZATION_PREFERS_STRING_CATALOGS = YES;
				MTL_ENABLE_DEBUG_INFO = NO;
				MTL_FAST_MATH = YES;
				SDKROOT = iphoneos;
				SWIFT_COMPILATION_MODE = wholemodule;
				VALIDATE_PRODUCT = YES;
			};
			name = Release;
		};
		DA4C05CD2B75308D009D204E /* Debug */ = {
			isa = XCBuildConfiguration;
			buildSettings = {
				ASSETCATALOG_COMPILER_APPICON_NAME = AppIcon;
				ASSETCATALOG_COMPILER_GLOBAL_ACCENT_COLOR_NAME = AccentColor;
				CODE_SIGN_STYLE = Automatic;
				CURRENT_PROJECT_VERSION = 1;
				DEVELOPMENT_TEAM = W25CN6H3TY;
				GENERATE_INFOPLIST_FILE = YES;
				INFOPLIST_FILE = GHFollowers/Info.plist;
				INFOPLIST_KEY_UIApplicationSupportsIndirectInputEvents = YES;
				INFOPLIST_KEY_UILaunchStoryboardName = LaunchScreen;
				INFOPLIST_KEY_UISupportedInterfaceOrientations = UIInterfaceOrientationPortrait;
				INFOPLIST_KEY_UISupportedInterfaceOrientations_iPad = "UIInterfaceOrientationLandscapeLeft UIInterfaceOrientationLandscapeRight UIInterfaceOrientationPortrait UIInterfaceOrientationPortraitUpsideDown";
				IPHONEOS_DEPLOYMENT_TARGET = 17.0;
				LD_RUNPATH_SEARCH_PATHS = (
					"$(inherited)",
					"@executable_path/Frameworks",
				);
				MARKETING_VERSION = 1.0;
				PRODUCT_BUNDLE_IDENTIFIER = TazoG.GHFollowers;
				PRODUCT_NAME = "$(TARGET_NAME)";
				SUPPORTED_PLATFORMS = "iphoneos iphonesimulator";
				SUPPORTS_MACCATALYST = NO;
				SUPPORTS_MAC_DESIGNED_FOR_IPHONE_IPAD = NO;
				SUPPORTS_XR_DESIGNED_FOR_IPHONE_IPAD = NO;
				SWIFT_EMIT_LOC_STRINGS = YES;
				SWIFT_VERSION = 5.0;
				TARGETED_DEVICE_FAMILY = 1;
			};
			name = Debug;
		};
		DA4C05CE2B75308D009D204E /* Release */ = {
			isa = XCBuildConfiguration;
			buildSettings = {
				ASSETCATALOG_COMPILER_APPICON_NAME = AppIcon;
				ASSETCATALOG_COMPILER_GLOBAL_ACCENT_COLOR_NAME = AccentColor;
				CODE_SIGN_STYLE = Automatic;
				CURRENT_PROJECT_VERSION = 1;
				DEVELOPMENT_TEAM = W25CN6H3TY;
				GENERATE_INFOPLIST_FILE = YES;
				INFOPLIST_FILE = GHFollowers/Info.plist;
				INFOPLIST_KEY_UIApplicationSupportsIndirectInputEvents = YES;
				INFOPLIST_KEY_UILaunchStoryboardName = LaunchScreen;
				INFOPLIST_KEY_UISupportedInterfaceOrientations = UIInterfaceOrientationPortrait;
				INFOPLIST_KEY_UISupportedInterfaceOrientations_iPad = "UIInterfaceOrientationLandscapeLeft UIInterfaceOrientationLandscapeRight UIInterfaceOrientationPortrait UIInterfaceOrientationPortraitUpsideDown";
				IPHONEOS_DEPLOYMENT_TARGET = 17.0;
				LD_RUNPATH_SEARCH_PATHS = (
					"$(inherited)",
					"@executable_path/Frameworks",
				);
				MARKETING_VERSION = 1.0;
				PRODUCT_BUNDLE_IDENTIFIER = TazoG.GHFollowers;
				PRODUCT_NAME = "$(TARGET_NAME)";
				SUPPORTED_PLATFORMS = "iphoneos iphonesimulator";
				SUPPORTS_MACCATALYST = NO;
				SUPPORTS_MAC_DESIGNED_FOR_IPHONE_IPAD = NO;
				SUPPORTS_XR_DESIGNED_FOR_IPHONE_IPAD = NO;
				SWIFT_EMIT_LOC_STRINGS = YES;
				SWIFT_VERSION = 5.0;
				TARGETED_DEVICE_FAMILY = 1;
			};
			name = Release;
		};
/* End XCBuildConfiguration section */

/* Begin XCConfigurationList section */
		DA4C05B32B75308B009D204E /* Build configuration list for PBXProject "GHFollowers" */ = {
			isa = XCConfigurationList;
			buildConfigurations = (
				DA4C05CA2B75308D009D204E /* Debug */,
				DA4C05CB2B75308D009D204E /* Release */,
			);
			defaultConfigurationIsVisible = 0;
			defaultConfigurationName = Release;
		};
		DA4C05CC2B75308D009D204E /* Build configuration list for PBXNativeTarget "GHFollowers" */ = {
			isa = XCConfigurationList;
			buildConfigurations = (
				DA4C05CD2B75308D009D204E /* Debug */,
				DA4C05CE2B75308D009D204E /* Release */,
			);
			defaultConfigurationIsVisible = 0;
			defaultConfigurationName = Release;
		};
/* End XCConfigurationList section */
	};
	rootObject = DA4C05B02B75308B009D204E /* Project object */;
}
